%{
  "benchee": {:hex, :benchee, "1.1.0", "f3a43817209a92a1fade36ef36b86e1052627fd8934a8b937ac9ab3a76c43062", [:mix], [{:deep_merge, "~> 1.0", [hex: :deep_merge, repo: "hexpm", optional: false]}, {:statistex, "~> 1.0", [hex: :statistex, repo: "hexpm", optional: false]}], "hexpm", "7da57d545003165a012b587077f6ba90b89210fd88074ce3c60ce239eb5e6d93"},
  "circular_buffer": {:hex, :circular_buffer, "0.4.1", "477f370fd8cfe1787b0a1bade6208bbd274b34f1610e41f1180ba756a7679839", [:mix], [], "hexpm", "633ef2e059dde0d7b89bbab13b1da9d04c6685e80e68fbdf41282d4fae746b72"},
  "decimal": {:hex, :decimal, "2.1.1", "5611dca5d4b2c3dd497dec8f68751f1f1a54755e8ed2a966c2633cf885973ad6", [:mix], [], "hexpm", "53cfe5f497ed0e7771ae1a475575603d77425099ba5faef9394932b35020ffcc"},
  "decorator": {:hex, :decorator, "1.4.0", "a57ac32c823ea7e4e67f5af56412d12b33274661bb7640ec7fc882f8d23ac419", [:mix], [], "hexpm", "0a07cedd9083da875c7418dea95b78361197cf2bf3211d743f6f7ce39656597f"},
  "deep_merge": {:hex, :deep_merge, "1.0.0", "b4aa1a0d1acac393bdf38b2291af38cb1d4a52806cf7a4906f718e1feb5ee961", [:mix], [], "hexpm", "ce708e5f094b9cd4e8f2be4f00d2f4250c4095be93f8cd6d018c753894885430"},
  "delta_crdt": {:hex, :delta_crdt, "0.6.4", "79d235eef82a58bb0cb668bc5b9558d2e65325ccb46b74045f20b36fd41671da", [:mix], [{:merkle_map, "~> 0.2.0", [hex: :merkle_map, repo: "hexpm", optional: false]}, {:telemetry, "~> 0.4 or ~> 1.0", [hex: :telemetry, repo: "hexpm", optional: false]}], "hexpm", "4a81f579c06aeeb625db54c6c109859a38aa00d837e3e7f8ac27b40cea34885a"},
  "ecto": {:hex, :ecto, "3.10.3", "eb2ae2eecd210b4eb8bece1217b297ad4ff824b4384c0e3fdd28aaf96edd6135", [:mix], [{:decimal, "~> 1.6 or ~> 2.0", [hex: :decimal, repo: "hexpm", optional: false]}, {:jason, "~> 1.0", [hex: :jason, repo: "hexpm", optional: true]}, {:telemetry, "~> 0.4 or ~> 1.0", [hex: :telemetry, repo: "hexpm", optional: false]}], "hexpm", "44bec74e2364d491d70f7e42cd0d690922659d329f6465e89feb8a34e8cd3433"},
  "enum_type": {:hex, :enum_type, "1.1.3", "f4fc5e49e77457b48e58d3caa1626646c6485f61f3f682e800e10bc44e944884", [:mix], [], "hexpm", "474e5e5efb90d9853b5bfd60765b9b6085ef672376f691983c4f705e5da9fad7"},
  "file_system": {:hex, :file_system, "0.2.10", "fb082005a9cd1711c05b5248710f8826b02d7d1784e7c3451f9c1231d4fc162d", [:mix], [], "hexpm", "41195edbfb562a593726eda3b3e8b103a309b733ad25f3d642ba49696bf715dc"},
  "global_flags": {:hex, :global_flags, "1.0.0", "ee6b864979a1fb38d1fbc67838565644baf632212bce864adca21042df036433", [:rebar3], [], "hexpm", "85d944cecd0f8f96b20ce70b5b16ebccedfcd25e744376b131e89ce61ba93176"},
  "horde": {:hex, :horde, "0.8.7", "e51ab8e0e5bc7dcd0caa85d84b144cccfde97994bd865d822c7e489746b87e7f", [:mix], [{:delta_crdt, "~> 0.6.2", [hex: :delta_crdt, repo: "hexpm", optional: false]}, {:libring, "~> 1.4", [hex: :libring, repo: "hexpm", optional: false]}, {:telemetry, "~> 0.4.0 or ~> 1.0", [hex: :telemetry, repo: "hexpm", optional: false]}, {:telemetry_poller, "~> 0.5.0 or ~> 1.0", [hex: :telemetry_poller, repo: "hexpm", optional: false]}], "hexpm", "835aede887d777542f85e0a88293c18113abcc1356006050ec216da16aa5e0e3"},
  "libring": {:hex, :libring, "1.6.0", "d5dca4bcb1765f862ab59f175b403e356dec493f565670e0bacc4b35e109ce0d", [:mix], [], "hexpm", "5e91ece396af4bce99953d49ee0b02f698cd38326d93cd068361038167484319"},
  "local_cluster": {:hex, :local_cluster, "1.2.1", "8eab3b8a387680f0872eacfb1a8bd5a91cb1d4d61256eec6a655b07ac7030c73", [:mix], [{:global_flags, "~> 1.0", [hex: :global_flags, repo: "hexpm", optional: false]}], "hexpm", "aae80c9bc92c911cb0be085fdeea2a9f5b88f81b6bec2ff1fec244bb0acc232c"},
  "merkle_map": {:hex, :merkle_map, "0.2.1", "01a88c87a6b9fb594c67c17ebaf047ee55ffa34e74297aa583ed87148006c4c8", [:mix], [], "hexpm", "fed4d143a5c8166eee4fa2b49564f3c4eace9cb252f0a82c1613bba905b2d04d"},
  "mix_test_watch": {:hex, :mix_test_watch, "1.1.1", "eee6fc570d77ad6851c7bc08de420a47fd1e449ef5ccfa6a77ef68b72e7e51ad", [:mix], [{:file_system, "~> 0.2.1 or ~> 0.3", [hex: :file_system, repo: "hexpm", optional: false]}], "hexpm", "f82262b54dee533467021723892e15c3267349849f1f737526523ecba4e6baae"},
  "nebulex": {:hex, :nebulex, "2.5.2", "2d358813ccb2eeea525e3a29c270ad123d3337e97ed9159d9113cf128108bd4c", [:mix], [{:decorator, "~> 1.4", [hex: :decorator, repo: "hexpm", optional: true]}, {:shards, "~> 1.1", [hex: :shards, repo: "hexpm", optional: true]}, {:telemetry, "~> 0.4 or ~> 1.0", [hex: :telemetry, repo: "hexpm", optional: true]}], "hexpm", "61a122302cf42fa61eca22515b1df21aaaa1b98cf462f6dd0998de9797aaf1c7"},
  "nebulex_adapters_horde": {:hex, :nebulex_adapters_horde, "1.0.1", "142015c04b394e597c69679d8177a36fb900c8fe0f9746e87fd5960479590b63", [:mix], [{:horde, "~> 0.8.7", [hex: :horde, repo: "hexpm", optional: false]}, {:nebulex, "~> 2.3", [hex: :nebulex, repo: "hexpm", optional: false]}], "hexpm", "b1b40e87800cb3a384bf1d74d3e7d5f91299632f316182c2376f1cbecb323c00"},
  "nimble_options": {:hex, :nimble_options, "1.0.2", "92098a74df0072ff37d0c12ace58574d26880e522c22801437151a159392270e", [:mix], [], "hexpm", "fd12a8db2021036ce12a309f26f564ec367373265b53e25403f0ee697380f1b8"},
  "shards": {:hex, :shards, "1.1.0", "ed3032e63ae99f0eaa6d012b8b9f9cead48b9a810b3f91aeac266cfc4118eff6", [:make, :rebar3], [], "hexpm", "1d188e565a54a458a7a601c2fd1e74f5cfeba755c5a534239266d28b7ff124c7"},
  "shorter_maps": {:git, "https://github.com/boyzwj/shorter_maps.git", "787c3447e48c74cf3224f35aba03c84f4c6a3c13", [tag: "master"]},
  "statistex": {:hex, :statistex, "1.0.0", "f3dc93f3c0c6c92e5f291704cf62b99b553253d7969e9a5fa713e5481cd858a5", [:mix], [], "hexpm", "ff9d8bee7035028ab4742ff52fc80a2aa35cece833cf5319009b52f1b5a86c27"},
  "telemetry": {:hex, :telemetry, "1.2.1", "68fdfe8d8f05a8428483a97d7aab2f268aaff24b49e0f599faa091f1d4e7f61c", [:rebar3], [], "hexpm", "dad9ce9d8effc621708f99eac538ef1cbe05d6a874dd741de2e689c47feafed5"},
  "telemetry_poller": {:hex, :telemetry_poller, "1.0.0", "db91bb424e07f2bb6e73926fcafbfcbcb295f0193e0a00e825e589a0a47e8453", [:rebar3], [{:telemetry, "~> 1.0", [hex: :telemetry, repo: "hexpm", optional: false]}], "hexpm", "b3a24eafd66c3f42da30fc3ca7dda1e9d546c12250a2d60d7b81d264fbec4f6e"},
}
